
Microsoft Visual Studio Solution File, Format Version 12.00
# Visual Studio Version 16
VisualStudioVersion = 16.0.31313.79
MinimumVisualStudioVersion = 10.0.40219.1
Project("{FAE04EC0-301F-11D3-BF4B-00C04F79EFBC}") = "DrawEllipse", "DrawEllipse.csproj", "{401668C3-E7FE-47A8-A2AB-259E72C90249}"
EndProject
Global
	GlobalSection(SolutionConfigurationPlatforms) = preSolution
		Debug|Any CPU = Debug|Any CPU
		Release|Any CPU = Release|Any CPU
	EndGlobalSection
	GlobalSection(ProjectConfigurationPlatforms) = postSolution
		{401668C3-E7FE-47A8-A2AB-259E72C90249}.Debug|Any CPU.ActiveCfg = Debug|Any CPU
		{401668C3-E7FE-47A8-A2AB-259E72C90249}.Debug|Any CPU.Build.0 = Debug|Any CPU
		{401668C3-E7FE-47A8-A2AB-259E72C90249}.Release|Any CPU.ActiveCfg = Release|Any CPU
		{401668C3-E7FE-47A8-A2AB-259E72C90249}.Release|Any CPU.Build.0 = Release|Any CPU
	EndGlobalSection
	GlobalSection(SolutionProperties) = preSolution
		HideSolutionNode = FALSE
	EndGlobalSection
	GlobalSection(ExtensibilityGlobals) = postSolution
		SolutionGuid = {7E48E636-294B-4E09-A848-30D99212B6C0}
	EndGlobalSection
EndGlobal
