
Microsoft Visual Studio Solution File, Format Version 12.00
# Visual Studio Version 16
VisualStudioVersion = 16.0.31112.23
MinimumVisualStudioVersion = 10.0.40219.1
Project("{FAE04EC0-301F-11D3-BF4B-00C04F79EFBC}") = "SerializeEx", "SerializeEx.csproj", "{7074B97A-8E65-4798-A980-B197F4D34FB1}"
EndProject
Global
	GlobalSection(SolutionConfigurationPlatforms) = preSolution
		Debug|Any CPU = Debug|Any CPU
		Release|Any CPU = Release|Any CPU
	EndGlobalSection
	GlobalSection(ProjectConfigurationPlatforms) = postSolution
		{7074B97A-8E65-4798-A980-B197F4D34FB1}.Debug|Any CPU.ActiveCfg = Debug|Any CPU
		{7074B97A-8E65-4798-A980-B197F4D34FB1}.Debug|Any CPU.Build.0 = Debug|Any CPU
		{7074B97A-8E65-4798-A980-B197F4D34FB1}.Release|Any CPU.ActiveCfg = Release|Any CPU
		{7074B97A-8E65-4798-A980-B197F4D34FB1}.Release|Any CPU.Build.0 = Release|Any CPU
	EndGlobalSection
	GlobalSection(SolutionProperties) = preSolution
		HideSolutionNode = FALSE
	EndGlobalSection
	GlobalSection(ExtensibilityGlobals) = postSolution
		SolutionGuid = {B393D15C-0C75-47D7-B0D4-BA2F7B752B5A}
	EndGlobalSection
EndGlobal
