
Microsoft Visual Studio Solution File, Format Version 12.00
# Visual Studio Version 16
VisualStudioVersion = 16.0.31025.194
MinimumVisualStudioVersion = 10.0.40219.1
Project("{FAE04EC0-301F-11D3-BF4B-00C04F79EFBC}") = "반복문", "반복문.csproj", "{F67CC87D-713E-4E5C-92CE-865DF92E29A9}"
EndProject
Global
	GlobalSection(SolutionConfigurationPlatforms) = preSolution
		Debug|Any CPU = Debug|Any CPU
		Release|Any CPU = Release|Any CPU
	EndGlobalSection
	GlobalSection(ProjectConfigurationPlatforms) = postSolution
		{F67CC87D-713E-4E5C-92CE-865DF92E29A9}.Debug|Any CPU.ActiveCfg = Debug|Any CPU
		{F67CC87D-713E-4E5C-92CE-865DF92E29A9}.Debug|Any CPU.Build.0 = Debug|Any CPU
		{F67CC87D-713E-4E5C-92CE-865DF92E29A9}.Release|Any CPU.ActiveCfg = Release|Any CPU
		{F67CC87D-713E-4E5C-92CE-865DF92E29A9}.Release|Any CPU.Build.0 = Release|Any CPU
	EndGlobalSection
	GlobalSection(SolutionProperties) = preSolution
		HideSolutionNode = FALSE
	EndGlobalSection
	GlobalSection(ExtensibilityGlobals) = postSolution
		SolutionGuid = {3BB0C465-D0CA-4702-BF29-6475336463E7}
	EndGlobalSection
EndGlobal
