
Microsoft Visual Studio Solution File, Format Version 12.00
# Visual Studio Version 16
VisualStudioVersion = 16.0.31313.79
MinimumVisualStudioVersion = 10.0.40219.1
Project("{FAE04EC0-301F-11D3-BF4B-00C04F79EFBC}") = "BitmapClass", "BitmapClass.csproj", "{4F41D63F-9DB8-401A-856E-CB33753AD14C}"
EndProject
Global
	GlobalSection(SolutionConfigurationPlatforms) = preSolution
		Debug|Any CPU = Debug|Any CPU
		Release|Any CPU = Release|Any CPU
	EndGlobalSection
	GlobalSection(ProjectConfigurationPlatforms) = postSolution
		{4F41D63F-9DB8-401A-856E-CB33753AD14C}.Debug|Any CPU.ActiveCfg = Debug|Any CPU
		{4F41D63F-9DB8-401A-856E-CB33753AD14C}.Debug|Any CPU.Build.0 = Debug|Any CPU
		{4F41D63F-9DB8-401A-856E-CB33753AD14C}.Release|Any CPU.ActiveCfg = Release|Any CPU
		{4F41D63F-9DB8-401A-856E-CB33753AD14C}.Release|Any CPU.Build.0 = Release|Any CPU
	EndGlobalSection
	GlobalSection(SolutionProperties) = preSolution
		HideSolutionNode = FALSE
	EndGlobalSection
	GlobalSection(ExtensibilityGlobals) = postSolution
		SolutionGuid = {10C61C07-0C8E-4D41-8BB6-3131A074FD1E}
	EndGlobalSection
EndGlobal
