
Microsoft Visual Studio Solution File, Format Version 12.00
# Visual Studio Version 16
VisualStudioVersion = 16.0.31025.194
MinimumVisualStudioVersion = 10.0.40219.1
Project("{FAE04EC0-301F-11D3-BF4B-00C04F79EFBC}") = "FirstApp", "FirstApp\FirstApp.csproj", "{D1547EBB-157B-45DC-9853-612BF44293EC}"
EndProject
Global
	GlobalSection(SolutionConfigurationPlatforms) = preSolution
		Debug|Any CPU = Debug|Any CPU
		Release|Any CPU = Release|Any CPU
	EndGlobalSection
	GlobalSection(ProjectConfigurationPlatforms) = postSolution
		{D1547EBB-157B-45DC-9853-612BF44293EC}.Debug|Any CPU.ActiveCfg = Debug|Any CPU
		{D1547EBB-157B-45DC-9853-612BF44293EC}.Debug|Any CPU.Build.0 = Debug|Any CPU
		{D1547EBB-157B-45DC-9853-612BF44293EC}.Release|Any CPU.ActiveCfg = Release|Any CPU
		{D1547EBB-157B-45DC-9853-612BF44293EC}.Release|Any CPU.Build.0 = Release|Any CPU
	EndGlobalSection
	GlobalSection(SolutionProperties) = preSolution
		HideSolutionNode = FALSE
	EndGlobalSection
	GlobalSection(ExtensibilityGlobals) = postSolution
		SolutionGuid = {3B4D15BE-047F-42A9-AA60-99BD0C5DD2BA}
	EndGlobalSection
EndGlobal
